{
  "name": "Quetzalcoatl",
  "lockfileVersion": 3,
  "requires": true,
  "packages": {
    "": {
      "dependencies": {
        "@capacitor/preferences": "^6.0.0"
      }
    },
    "node_modules/@capacitor/core": {
      "version": "6.0.0",
      "resolved": "https://registry.npmjs.org/@capacitor/core/-/core-6.0.0.tgz",
      "integrity": "sha512-NvxIQsJcMiIV+Le1DilR2GGyQQbDInfXK1UywGROQ5mycdFlW5XoAPZ+MKnFGB123RoEgE3uhDGgwTXUmSlX9A==",
      "peer": true,
      "dependencies": {
        "tslib": "^2.1.0"
      }
    },
    "node_modules/@capacitor/preferences": {
      "version": "6.0.0",
      "resolved": "https://registry.npmjs.org/@capacitor/preferences/-/preferences-6.0.0.tgz",
      "integrity": "sha512-4A49UKEc/sgf28TFNwRX4Kx6G0oMeRC9btA2voaEuL2LZd2l8IMfAEFDIrfQWi5rYE6RWenEUexUTyiEZnYFvQ==",
      "peerDependencies": {
        "@capacitor/core": "^6.0.0"
      }
    },
    "node_modules/tslib": {
      "version": "2.6.3",
      "resolved": "https://registry.npmjs.org/tslib/-/tslib-2.6.3.tgz",
      "integrity": "sha512-xNvxJEOUiWPGhUuUdQgAJPKOOJfGnIyKySOc09XkKsgdUV/3E2zvwZYdejjmRgPCgcym1juLH3226yA7sEFJKQ==",
      "peer": true
    }
  }
}
